
Microsoft Visual Studio Solution File, Format Version 12.00
# Visual Studio Version 16
VisualStudioVersion = 16.0.29025.244
MinimumVisualStudioVersion = 10.0.40219.1
Project("{FAE04EC0-301F-11D3-BF4B-00C04F79EFBC}") = "PDV_Tests", "PDV_Tests\PDV_Tests.csproj", "{6BB84652-C97A-42C6-8C78-0E66F9ECC99E}"
EndProject
Global
	GlobalSection(SolutionConfigurationPlatforms) = preSolution
		Debug|Any CPU = Debug|Any CPU
		Release|Any CPU = Release|Any CPU
	EndGlobalSection
	GlobalSection(ProjectConfigurationPlatforms) = postSolution
		{6BB84652-C97A-42C6-8C78-0E66F9ECC99E}.Debug|Any CPU.ActiveCfg = Debug|Any CPU
		{6BB84652-C97A-42C6-8C78-0E66F9ECC99E}.Debug|Any CPU.Build.0 = Debug|Any CPU
		{6BB84652-C97A-42C6-8C78-0E66F9ECC99E}.Release|Any CPU.ActiveCfg = Release|Any CPU
		{6BB84652-C97A-42C6-8C78-0E66F9ECC99E}.Release|Any CPU.Build.0 = Release|Any CPU
	EndGlobalSection
	GlobalSection(SolutionProperties) = preSolution
		HideSolutionNode = FALSE
	EndGlobalSection
	GlobalSection(ExtensibilityGlobals) = postSolution
		SolutionGuid = {460E9EBD-BEC8-45D5-9416-73EC2AA45A5F}
	EndGlobalSection
EndGlobal
